// !$*UTF8*$!
{
	archiveVersion = 1;
	classes = {
	};
	objectVersion = 46;
	objects = {

/* Begin PBXBuildFile section */
		BA05BE991C5D7A0E00E6AE89 /* TestView.xib in Resources */ = {isa = PBXBuildFile; fileRef = BA05BE981C5D7A0E00E6AE89 /* TestView.xib */; };
		BA05BE9B1C5D7A4200E6AE89 /* TestView.swift in Sources */ = {isa = PBXBuildFile; fileRef = BA05BE9A1C5D7A4200E6AE89 /* TestView.swift */; };
		BA05BE9D1C5D81A200E6AE89 /* LoginViewController.swift in Sources */ = {isa = PBXBuildFile; fileRef = BA05BE9C1C5D81A200E6AE89 /* LoginViewController.swift */; };
		BA05BEA11C5D9CC800E6AE89 /* MasterNavViewController.swift in Sources */ = {isa = PBXBuildFile; fileRef = BA05BEA01C5D9CC800E6AE89 /* MasterNavViewController.swift */; };
		BA05BEA31C5D9D5600E6AE89 /* NavViewController.swift in Sources */ = {isa = PBXBuildFile; fileRef = BA05BEA21C5D9D5600E6AE89 /* NavViewController.swift */; };
		BA05BEA51C5DAE6F00E6AE89 /* ServicesViewController.swift in Sources */ = {isa = PBXBuildFile; fileRef = BA05BEA41C5DAE6F00E6AE89 /* ServicesViewController.swift */; };
		BA05BEC11C5DB0B400E6AE89 /* CarbonSwipeRefresh.m in Sources */ = {isa = PBXBuildFile; fileRef = BA05BEBD1C5DB0B400E6AE89 /* CarbonSwipeRefresh.m */; };
		BA05BEC21C5DB0B400E6AE89 /* CarbonTabSwipeNavigation.m in Sources */ = {isa = PBXBuildFile; fileRef = BA05BEBE1C5DB0B400E6AE89 /* CarbonTabSwipeNavigation.m */; };
		BA05BEC31C5DB0B400E6AE89 /* CarbonTabSwipeScrollView.m in Sources */ = {isa = PBXBuildFile; fileRef = BA05BEBF1C5DB0B400E6AE89 /* CarbonTabSwipeScrollView.m */; };
		BA05BEC41C5DB0B400E6AE89 /* CarbonTabSwipeSegmentedControl.m in Sources */ = {isa = PBXBuildFile; fileRef = BA05BEC01C5DB0B400E6AE89 /* CarbonTabSwipeSegmentedControl.m */; };
		BA05BEC61C5E4EF800E6AE89 /* TabNavExt.swift in Sources */ = {isa = PBXBuildFile; fileRef = BA05BEC51C5E4EF800E6AE89 /* TabNavExt.swift */; };
		BA1F2AD11C64F8580060B321 /* ReserveCancelViewController.swift in Sources */ = {isa = PBXBuildFile; fileRef = BA1F2AD01C64F8580060B321 /* ReserveCancelViewController.swift */; };
		BA1F2AD31C6560A90060B321 /* FlatSwitchView.xib in Resources */ = {isa = PBXBuildFile; fileRef = BA1F2AD21C6560A90060B321 /* FlatSwitchView.xib */; };
		BA1F2AD51C6560C60060B321 /* FlatSwitchView.swift in Sources */ = {isa = PBXBuildFile; fileRef = BA1F2AD41C6560C60060B321 /* FlatSwitchView.swift */; };
		BA1F2AD91C65FAC00060B321 /* PaymentsViewController.swift in Sources */ = {isa = PBXBuildFile; fileRef = BA1F2AD81C65FAC00060B321 /* PaymentsViewController.swift */; };
		BA1F2ADB1C65FBEE0060B321 /* PaymentInfo.swift in Sources */ = {isa = PBXBuildFile; fileRef = BA1F2ADA1C65FBEE0060B321 /* PaymentInfo.swift */; };
		BA1F2ADD1C65FFF80060B321 /* CheckInfo.swift in Sources */ = {isa = PBXBuildFile; fileRef = BA1F2ADC1C65FFF80060B321 /* CheckInfo.swift */; };
		BA1F2ADF1C661C470060B321 /* PaymentsListViewController.swift in Sources */ = {isa = PBXBuildFile; fileRef = BA1F2ADE1C661C470060B321 /* PaymentsListViewController.swift */; };
		BA1F2AE11C661CF50060B321 /* PaymentViewCell.swift in Sources */ = {isa = PBXBuildFile; fileRef = BA1F2AE01C661CF50060B321 /* PaymentViewCell.swift */; };
		BA1F2AE31C661DD30060B321 /* PaymentInfoViewController.swift in Sources */ = {isa = PBXBuildFile; fileRef = BA1F2AE21C661DD30060B321 /* PaymentInfoViewController.swift */; };
		BA1F2AE51C6681740060B321 /* LabelView.xib in Resources */ = {isa = PBXBuildFile; fileRef = BA1F2AE41C6681740060B321 /* LabelView.xib */; };
		BA1F2AE81C6681A00060B321 /* LabelView.swift in Sources */ = {isa = PBXBuildFile; fileRef = BA1F2AE71C6681A00060B321 /* LabelView.swift */; };
		BA1F2AEC1C669EFE0060B321 /* CheckViewCell.swift in Sources */ = {isa = PBXBuildFile; fileRef = BA1F2AEB1C669EFE0060B321 /* CheckViewCell.swift */; };
		BA1F2AEE1C676A9F0060B321 /* MusicViewController.swift in Sources */ = {isa = PBXBuildFile; fileRef = BA1F2AED1C676A9F0060B321 /* MusicViewController.swift */; };
		BA1F2AF01C676B490060B321 /* MusicViewCell.swift in Sources */ = {isa = PBXBuildFile; fileRef = BA1F2AEF1C676B490060B321 /* MusicViewCell.swift */; };
		BA5375031C5F8E860058F917 /* APICalls.swift in Sources */ = {isa = PBXBuildFile; fileRef = BA5375021C5F8E860058F917 /* APICalls.swift */; };
		BA5375051C60B39C0058F917 /* UIImageViewExt.swift in Sources */ = {isa = PBXBuildFile; fileRef = BA5375041C60B39C0058F917 /* UIImageViewExt.swift */; };
		BA5375091C60CEF90058F917 /* User.swift in Sources */ = {isa = PBXBuildFile; fileRef = BA5375081C60CEF90058F917 /* User.swift */; };
		BA53750B1C60CFA30058F917 /* App.swift in Sources */ = {isa = PBXBuildFile; fileRef = BA53750A1C60CFA30058F917 /* App.swift */; };
		BA53750F1C6140E80058F917 /* SignupOneViewController.swift in Sources */ = {isa = PBXBuildFile; fileRef = BA53750E1C6140E80058F917 /* SignupOneViewController.swift */; };
		BA5375131C615F000058F917 /* SignupTwoViewController.swift in Sources */ = {isa = PBXBuildFile; fileRef = BA5375121C615F000058F917 /* SignupTwoViewController.swift */; };
		BA53751B1C62AEEF0058F917 /* Info.plist in Resources */ = {isa = PBXBuildFile; fileRef = BA5375151C62AEEF0058F917 /* Info.plist */; };
		BA53751C1C62AEEF0058F917 /* JLToast.swift in Sources */ = {isa = PBXBuildFile; fileRef = BA5375171C62AEEF0058F917 /* JLToast.swift */; };
		BA53751D1C62AEEF0058F917 /* JLToastCenter.swift in Sources */ = {isa = PBXBuildFile; fileRef = BA5375181C62AEEF0058F917 /* JLToastCenter.swift */; };
		BA53751E1C62AEEF0058F917 /* JLToastView.swift in Sources */ = {isa = PBXBuildFile; fileRef = BA5375191C62AEEF0058F917 /* JLToastView.swift */; };
		BA53751F1C62AEEF0058F917 /* JLToastWindow.swift in Sources */ = {isa = PBXBuildFile; fileRef = BA53751A1C62AEEF0058F917 /* JLToastWindow.swift */; };
		BA8854131C637AE10048F287 /* ReserveViewController.swift in Sources */ = {isa = PBXBuildFile; fileRef = BA8854121C637AE10048F287 /* ReserveViewController.swift */; };
		BA8854151C637DE90048F287 /* ReserveTableViewCell.swift in Sources */ = {isa = PBXBuildFile; fileRef = BA8854141C637DE90048F287 /* ReserveTableViewCell.swift */; };
		BA8854171C6382660048F287 /* ReserveInfo.swift in Sources */ = {isa = PBXBuildFile; fileRef = BA8854161C6382660048F287 /* ReserveInfo.swift */; };
		BA88541E1C63C93F0048F287 /* CityInfo.swift in Sources */ = {isa = PBXBuildFile; fileRef = BA88541D1C63C93F0048F287 /* CityInfo.swift */; };
		BA8854201C63C99F0048F287 /* BarInfo.swift in Sources */ = {isa = PBXBuildFile; fileRef = BA88541F1C63C99F0048F287 /* BarInfo.swift */; };
		BA8854221C63F4A60048F287 /* MusicInfo.swift in Sources */ = {isa = PBXBuildFile; fileRef = BA8854211C63F4A60048F287 /* MusicInfo.swift */; };
		BA8854241C63F4E50048F287 /* MusicPlayInfo.swift in Sources */ = {isa = PBXBuildFile; fileRef = BA8854231C63F4E50048F287 /* MusicPlayInfo.swift */; };
		BA8854261C649E430048F287 /* ReserveSaveViewController.swift in Sources */ = {isa = PBXBuildFile; fileRef = BA8854251C649E430048F287 /* ReserveSaveViewController.swift */; };
		BA8D3FDA1C5A42D300727AFD /* AppDelegate.swift in Sources */ = {isa = PBXBuildFile; fileRef = BA8D3FD91C5A42D300727AFD /* AppDelegate.swift */; };
		BA8D3FDC1C5A42D300727AFD /* NewsViewController.swift in Sources */ = {isa = PBXBuildFile; fileRef = BA8D3FDB1C5A42D300727AFD /* NewsViewController.swift */; };
		BA8D3FDF1C5A42D300727AFD /* Main.storyboard in Resources */ = {isa = PBXBuildFile; fileRef = BA8D3FDD1C5A42D300727AFD /* Main.storyboard */; };
		BA8D3FE11C5A42D300727AFD /* Assets.xcassets in Resources */ = {isa = PBXBuildFile; fileRef = BA8D3FE01C5A42D300727AFD /* Assets.xcassets */; };
		BA8D3FE41C5A42D300727AFD /* LaunchScreen.storyboard in Resources */ = {isa = PBXBuildFile; fileRef = BA8D3FE21C5A42D300727AFD /* LaunchScreen.storyboard */; };
		BAB291501C68CD590099AD86 /* FriendsViewController.swift in Sources */ = {isa = PBXBuildFile; fileRef = BAB2914F1C68CD590099AD86 /* FriendsViewController.swift */; };
		BAB291521C68CDF20099AD86 /* FriendInfo.swift in Sources */ = {isa = PBXBuildFile; fileRef = BAB291511C68CDF20099AD86 /* FriendInfo.swift */; };
		BAB291541C68D7760099AD86 /* FriendViewCell.swift in Sources */ = {isa = PBXBuildFile; fileRef = BAB291531C68D7760099AD86 /* FriendViewCell.swift */; };
		BABDB1281C5E914100588ECD /* NewsTableViewCell.swift in Sources */ = {isa = PBXBuildFile; fileRef = BABDB1271C5E914100588ECD /* NewsTableViewCell.swift */; };
		BABDB12A1C5EB48100588ECD /* NewsItemViewController.swift in Sources */ = {isa = PBXBuildFile; fileRef = BABDB1291C5EB48100588ECD /* NewsItemViewController.swift */; };
		BABDB12C1C5EBD0E00588ECD /* NewsInfo.swift in Sources */ = {isa = PBXBuildFile; fileRef = BABDB12B1C5EBD0E00588ECD /* NewsInfo.swift */; };
		BAD43D2D1C62B7810047E1D5 /* StringExt.swift in Sources */ = {isa = PBXBuildFile; fileRef = BAD43D2C1C62B7810047E1D5 /* StringExt.swift */; };
		BAEAACC71C5CEDE0004C1348 /* UIImageExt.swift in Sources */ = {isa = PBXBuildFile; fileRef = BAEAACC61C5CEDE0004C1348 /* UIImageExt.swift */; };
		BAEAACC91C5CFC85004C1348 /* OldRootViewController.swift in Sources */ = {isa = PBXBuildFile; fileRef = BAEAACC81C5CFC85004C1348 /* OldRootViewController.swift */; };
		BAEAACCB1C5D01E9004C1348 /* ProfileViewController.swift in Sources */ = {isa = PBXBuildFile; fileRef = BAEAACCA1C5D01E9004C1348 /* ProfileViewController.swift */; };
		BAEAACCE1C5D04CE004C1348 /* LeftMenuViewController.swift in Sources */ = {isa = PBXBuildFile; fileRef = BAEAACCC1C5D04CE004C1348 /* LeftMenuViewController.swift */; };
		BAEAACCF1C5D04CE004C1348 /* SSASideMenu.swift in Sources */ = {isa = PBXBuildFile; fileRef = BAEAACCD1C5D04CE004C1348 /* SSASideMenu.swift */; };
		BAEAACD11C5D269E004C1348 /* TextBoxView.swift in Sources */ = {isa = PBXBuildFile; fileRef = BAEAACD01C5D269E004C1348 /* TextBoxView.swift */; };
		BAEAACD31C5D2724004C1348 /* TextBoxView.xib in Resources */ = {isa = PBXBuildFile; fileRef = BAEAACD21C5D2724004C1348 /* TextBoxView.xib */; };
		BAEC09551C69D2AC000CA579 /* MapViewController.swift in Sources */ = {isa = PBXBuildFile; fileRef = BAEC09541C69D2AC000CA579 /* MapViewController.swift */; };
		BAEC09571C69DB22000CA579 /* BarLocationInfo.swift in Sources */ = {isa = PBXBuildFile; fileRef = BAEC09561C69DB22000CA579 /* BarLocationInfo.swift */; };
		BAEC09591C6A052D000CA579 /* BarAnnotation.swift in Sources */ = {isa = PBXBuildFile; fileRef = BAEC09581C6A052D000CA579 /* BarAnnotation.swift */; };
		BAEC095B1C6A83FF000CA579 /* StreamInfo.swift in Sources */ = {isa = PBXBuildFile; fileRef = BAEC095A1C6A83FF000CA579 /* StreamInfo.swift */; };
		BAEC095E1C6B5AF5000CA579 /* AboutViewController.swift in Sources */ = {isa = PBXBuildFile; fileRef = BAEC095D1C6B5AF5000CA579 /* AboutViewController.swift */; };
		BAEC09611C6B7AFF000CA579 /* Toucan.swift in Sources */ = {isa = PBXBuildFile; fileRef = BAEC09601C6B7AFF000CA579 /* Toucan.swift */; };
		BAEC09631C6B829C000CA579 /* ImageUploader.swift in Sources */ = {isa = PBXBuildFile; fileRef = BAEC09621C6B829C000CA579 /* ImageUploader.swift */; };
		BAEC09D91C6B9A52000CA579 /* Alamofire.framework in Frameworks */ = {isa = PBXBuildFile; fileRef = BAEC09CC1C6B9A4D000CA579 /* Alamofire.framework */; };
		BAEC09DA1C6B9A52000CA579 /* Alamofire.framework in Embed Frameworks */ = {isa = PBXBuildFile; fileRef = BAEC09CC1C6B9A4D000CA579 /* Alamofire.framework */; settings = {ATTRIBUTES = (CodeSignOnCopy, RemoveHeadersOnCopy, ); }; };
		BAEC09E01C6BBA8E000CA579 /* NewsTagFilter.swift in Sources */ = {isa = PBXBuildFile; fileRef = BAEC09DE1C6BBA8E000CA579 /* NewsTagFilter.swift */; };
		BAEC09E11C6BBA8E000CA579 /* SuperAlgorythm.json in Resources */ = {isa = PBXBuildFile; fileRef = BAEC09DF1C6BBA8E000CA579 /* SuperAlgorythm.json */; };
		BAEC09E41C6BE413000CA579 /* MapKit.framework in Frameworks */ = {isa = PBXBuildFile; fileRef = BAEC09E31C6BE413000CA579 /* MapKit.framework */; };
		BAEC09E61C6E295D000CA579 /* PayViewController.swift in Sources */ = {isa = PBXBuildFile; fileRef = BAEC09E51C6E295D000CA579 /* PayViewController.swift */; };
		BAEC09E81C6E7011000CA579 /* ReserveRulesViewController.swift in Sources */ = {isa = PBXBuildFile; fileRef = BAEC09E71C6E7011000CA579 /* ReserveRulesViewController.swift */; };
/* End PBXBuildFile section */

/* Begin PBXContainerItemProxy section */
		BAEC09CB1C6B9A4D000CA579 /* PBXContainerItemProxy */ = {
			isa = PBXContainerItemProxy;
			containerPortal = BAEC09C11C6B9A4D000CA579 /* Alamofire.xcodeproj */;
			proxyType = 2;
			remoteGlobalIDString = F8111E3319A95C8B0040E7D1;
			remoteInfo = "Alamofire iOS";
		};
		BAEC09CD1C6B9A4D000CA579 /* PBXContainerItemProxy */ = {
			isa = PBXContainerItemProxy;
			containerPortal = BAEC09C11C6B9A4D000CA579 /* Alamofire.xcodeproj */;
			proxyType = 2;
			remoteGlobalIDString = F8111E3E19A95C8B0040E7D1;
			remoteInfo = "Alamofire iOS Tests";
		};
		BAEC09CF1C6B9A4D000CA579 /* PBXContainerItemProxy */ = {
			isa = PBXContainerItemProxy;
			containerPortal = BAEC09C11C6B9A4D000CA579 /* Alamofire.xcodeproj */;
			proxyType = 2;
			remoteGlobalIDString = 4DD67C0B1A5C55C900ED2280;
			remoteInfo = "Alamofire OSX";
		};
		BAEC09D11C6B9A4D000CA579 /* PBXContainerItemProxy */ = {
			isa = PBXContainerItemProxy;
			containerPortal = BAEC09C11C6B9A4D000CA579 /* Alamofire.xcodeproj */;
			proxyType = 2;
			remoteGlobalIDString = F829C6B21A7A94F100A2CD59;
			remoteInfo = "Alamofire OSX Tests";
		};
		BAEC09D31C6B9A4D000CA579 /* PBXContainerItemProxy */ = {
			isa = PBXContainerItemProxy;
			containerPortal = BAEC09C11C6B9A4D000CA579 /* Alamofire.xcodeproj */;
			proxyType = 2;
			remoteGlobalIDString = 4CF626EF1BA7CB3E0011A099;
			remoteInfo = "Alamofire tvOS";
		};
		BAEC09D51C6B9A4D000CA579 /* PBXContainerItemProxy */ = {
			isa = PBXContainerItemProxy;
			containerPortal = BAEC09C11C6B9A4D000CA579 /* Alamofire.xcodeproj */;
			proxyType = 2;
			remoteGlobalIDString = 4CF626F81BA7CB3E0011A099;
			remoteInfo = "Alamofire tvOS Tests";
		};
		BAEC09D71C6B9A4D000CA579 /* PBXContainerItemProxy */ = {
			isa = PBXContainerItemProxy;
			containerPortal = BAEC09C11C6B9A4D000CA579 /* Alamofire.xcodeproj */;
			proxyType = 2;
			remoteGlobalIDString = E4202FE01B667AA100C997FB;
			remoteInfo = "Alamofire watchOS";
		};
		BAEC09DB1C6B9A52000CA579 /* PBXContainerItemProxy */ = {
			isa = PBXContainerItemProxy;
			containerPortal = BAEC09C11C6B9A4D000CA579 /* Alamofire.xcodeproj */;
			proxyType = 1;
			remoteGlobalIDString = F8111E3219A95C8B0040E7D1;
			remoteInfo = "Alamofire iOS";
		};
/* End PBXContainerItemProxy section */

/* Begin PBXCopyFilesBuildPhase section */
		BAEC09DD1C6B9A53000CA579 /* Embed Frameworks */ = {
			isa = PBXCopyFilesBuildPhase;
			buildActionMask = 2147483647;
			dstPath = "";
			dstSubfolderSpec = 10;
			files = (
				BAEC09DA1C6B9A52000CA579 /* Alamofire.framework in Embed Frameworks */,
			);
			name = "Embed Frameworks";
			runOnlyForDeploymentPostprocessing = 0;
		};
/* End PBXCopyFilesBuildPhase section */

/* Begin PBXFileReference section */
		BA05BE981C5D7A0E00E6AE89 /* TestView.xib */ = {isa = PBXFileReference; fileEncoding = 4; lastKnownFileType = file.xib; path = TestView.xib; sourceTree = "<group>"; };
		BA05BE9A1C5D7A4200E6AE89 /* TestView.swift */ = {isa = PBXFileReference; fileEncoding = 4; lastKnownFileType = sourcecode.swift; path = TestView.swift; sourceTree = "<group>"; };
		BA05BE9C1C5D81A200E6AE89 /* LoginViewController.swift */ = {isa = PBXFileReference; fileEncoding = 4; lastKnownFileType = sourcecode.swift; path = LoginViewController.swift; sourceTree = "<group>"; };
		BA05BEA01C5D9CC800E6AE89 /* MasterNavViewController.swift */ = {isa = PBXFileReference; fileEncoding = 4; lastKnownFileType = sourcecode.swift; path = MasterNavViewController.swift; sourceTree = "<group>"; };
		BA05BEA21C5D9D5600E6AE89 /* NavViewController.swift */ = {isa = PBXFileReference; fileEncoding = 4; lastKnownFileType = sourcecode.swift; path = NavViewController.swift; sourceTree = "<group>"; };
		BA05BEA41C5DAE6F00E6AE89 /* ServicesViewController.swift */ = {isa = PBXFileReference; fileEncoding = 4; lastKnownFileType = sourcecode.swift; path = ServicesViewController.swift; sourceTree = "<group>"; };
		BA05BEB61C5DB0B300E6AE89 /* KILLFISH-Bridging-Header.h */ = {isa = PBXFileReference; lastKnownFileType = sourcecode.c.h; path = "KILLFISH-Bridging-Header.h"; sourceTree = "<group>"; };
		BA05BEB81C5DB0B400E6AE89 /* CarbonKit.h */ = {isa = PBXFileReference; fileEncoding = 4; lastKnownFileType = sourcecode.c.h; path = CarbonKit.h; sourceTree = "<group>"; };
		BA05BEB91C5DB0B400E6AE89 /* CarbonSwipeRefresh.h */ = {isa = PBXFileReference; fileEncoding = 4; lastKnownFileType = sourcecode.c.h; path = CarbonSwipeRefresh.h; sourceTree = "<group>"; };
		BA05BEBA1C5DB0B400E6AE89 /* CarbonTabSwipeNavigation.h */ = {isa = PBXFileReference; fileEncoding = 4; lastKnownFileType = sourcecode.c.h; path = CarbonTabSwipeNavigation.h; sourceTree = "<group>"; };
		BA05BEBB1C5DB0B400E6AE89 /* CarbonTabSwipeScrollView.h */ = {isa = PBXFileReference; fileEncoding = 4; lastKnownFileType = sourcecode.c.h; path = CarbonTabSwipeScrollView.h; sourceTree = "<group>"; };
		BA05BEBC1C5DB0B400E6AE89 /* CarbonTabSwipeSegmentedControl.h */ = {isa = PBXFileReference; fileEncoding = 4; lastKnownFileType = sourcecode.c.h; path = CarbonTabSwipeSegmentedControl.h; sourceTree = "<group>"; };
		BA05BEBD1C5DB0B400E6AE89 /* CarbonSwipeRefresh.m */ = {isa = PBXFileReference; fileEncoding = 4; lastKnownFileType = sourcecode.c.objc; path = CarbonSwipeRefresh.m; sourceTree = "<group>"; };
		BA05BEBE1C5DB0B400E6AE89 /* CarbonTabSwipeNavigation.m */ = {isa = PBXFileReference; fileEncoding = 4; lastKnownFileType = sourcecode.c.objc; path = CarbonTabSwipeNavigation.m; sourceTree = "<group>"; };
		BA05BEBF1C5DB0B400E6AE89 /* CarbonTabSwipeScrollView.m */ = {isa = PBXFileReference; fileEncoding = 4; lastKnownFileType = sourcecode.c.objc; path = CarbonTabSwipeScrollView.m; sourceTree = "<group>"; };
		BA05BEC01C5DB0B400E6AE89 /* CarbonTabSwipeSegmentedControl.m */ = {isa = PBXFileReference; fileEncoding = 4; lastKnownFileType = sourcecode.c.objc; path = CarbonTabSwipeSegmentedControl.m; sourceTree = "<group>"; };
		BA05BEC51C5E4EF800E6AE89 /* TabNavExt.swift */ = {isa = PBXFileReference; fileEncoding = 4; lastKnownFileType = sourcecode.swift; path = TabNavExt.swift; sourceTree = "<group>"; };
		BA1F2AD01C64F8580060B321 /* ReserveCancelViewController.swift */ = {isa = PBXFileReference; fileEncoding = 4; lastKnownFileType = sourcecode.swift; path = ReserveCancelViewController.swift; sourceTree = "<group>"; };
		BA1F2AD21C6560A90060B321 /* FlatSwitchView.xib */ = {isa = PBXFileReference; fileEncoding = 4; lastKnownFileType = file.xib; path = FlatSwitchView.xib; sourceTree = "<group>"; };
		BA1F2AD41C6560C60060B321 /* FlatSwitchView.swift */ = {isa = PBXFileReference; fileEncoding = 4; lastKnownFileType = sourcecode.swift; path = FlatSwitchView.swift; sourceTree = "<group>"; };
		BA1F2AD81C65FAC00060B321 /* PaymentsViewController.swift */ = {isa = PBXFileReference; fileEncoding = 4; lastKnownFileType = sourcecode.swift; path = PaymentsViewController.swift; sourceTree = "<group>"; };
		BA1F2ADA1C65FBEE0060B321 /* PaymentInfo.swift */ = {isa = PBXFileReference; fileEncoding = 4; lastKnownFileType = sourcecode.swift; path = PaymentInfo.swift; sourceTree = "<group>"; };
		BA1F2ADC1C65FFF80060B321 /* CheckInfo.swift */ = {isa = PBXFileReference; fileEncoding = 4; lastKnownFileType = sourcecode.swift; path = CheckInfo.swift; sourceTree = "<group>"; };
		BA1F2ADE1C661C470060B321 /* PaymentsListViewController.swift */ = {isa = PBXFileReference; fileEncoding = 4; lastKnownFileType = sourcecode.swift; path = PaymentsListViewController.swift; sourceTree = "<group>"; };
		BA1F2AE01C661CF50060B321 /* PaymentViewCell.swift */ = {isa = PBXFileReference; fileEncoding = 4; lastKnownFileType = sourcecode.swift; path = PaymentViewCell.swift; sourceTree = "<group>"; };
		BA1F2AE21C661DD30060B321 /* PaymentInfoViewController.swift */ = {isa = PBXFileReference; fileEncoding = 4; lastKnownFileType = sourcecode.swift; path = PaymentInfoViewController.swift; sourceTree = "<group>"; };
		BA1F2AE41C6681740060B321 /* LabelView.xib */ = {isa = PBXFileReference; fileEncoding = 4; lastKnownFileType = file.xib; path = LabelView.xib; sourceTree = "<group>"; };
		BA1F2AE71C6681A00060B321 /* LabelView.swift */ = {isa = PBXFileReference; fileEncoding = 4; lastKnownFileType = sourcecode.swift; path = LabelView.swift; sourceTree = "<group>"; };
		BA1F2AEB1C669EFE0060B321 /* CheckViewCell.swift */ = {isa = PBXFileReference; fileEncoding = 4; lastKnownFileType = sourcecode.swift; path = CheckViewCell.swift; sourceTree = "<group>"; };
		BA1F2AED1C676A9F0060B321 /* MusicViewController.swift */ = {isa = PBXFileReference; fileEncoding = 4; lastKnownFileType = sourcecode.swift; path = MusicViewController.swift; sourceTree = "<group>"; };
		BA1F2AEF1C676B490060B321 /* MusicViewCell.swift */ = {isa = PBXFileReference; fileEncoding = 4; lastKnownFileType = sourcecode.swift; path = MusicViewCell.swift; sourceTree = "<group>"; };
		BA5375021C5F8E860058F917 /* APICalls.swift */ = {isa = PBXFileReference; fileEncoding = 4; lastKnownFileType = sourcecode.swift; path = APICalls.swift; sourceTree = "<group>"; };
		BA5375041C60B39C0058F917 /* UIImageViewExt.swift */ = {isa = PBXFileReference; fileEncoding = 4; lastKnownFileType = sourcecode.swift; path = UIImageViewExt.swift; sourceTree = "<group>"; };
		BA5375081C60CEF90058F917 /* User.swift */ = {isa = PBXFileReference; fileEncoding = 4; lastKnownFileType = sourcecode.swift; path = User.swift; sourceTree = "<group>"; };
		BA53750A1C60CFA30058F917 /* App.swift */ = {isa = PBXFileReference; fileEncoding = 4; lastKnownFileType = sourcecode.swift; path = App.swift; sourceTree = "<group>"; };
		BA53750E1C6140E80058F917 /* SignupOneViewController.swift */ = {isa = PBXFileReference; fileEncoding = 4; lastKnownFileType = sourcecode.swift; path = SignupOneViewController.swift; sourceTree = "<group>"; };
		BA5375121C615F000058F917 /* SignupTwoViewController.swift */ = {isa = PBXFileReference; fileEncoding = 4; lastKnownFileType = sourcecode.swift; path = SignupTwoViewController.swift; sourceTree = "<group>"; };
		BA5375151C62AEEF0058F917 /* Info.plist */ = {isa = PBXFileReference; fileEncoding = 4; lastKnownFileType = text.plist.xml; path = Info.plist; sourceTree = "<group>"; };
		BA5375161C62AEEF0058F917 /* JLToast.h */ = {isa = PBXFileReference; fileEncoding = 4; lastKnownFileType = sourcecode.c.h; path = JLToast.h; sourceTree = "<group>"; };
		BA5375171C62AEEF0058F917 /* JLToast.swift */ = {isa = PBXFileReference; fileEncoding = 4; lastKnownFileType = sourcecode.swift; path = JLToast.swift; sourceTree = "<group>"; };
		BA5375181C62AEEF0058F917 /* JLToastCenter.swift */ = {isa = PBXFileReference; fileEncoding = 4; lastKnownFileType = sourcecode.swift; path = JLToastCenter.swift; sourceTree = "<group>"; };
		BA5375191C62AEEF0058F917 /* JLToastView.swift */ = {isa = PBXFileReference; fileEncoding = 4; lastKnownFileType = sourcecode.swift; path = JLToastView.swift; sourceTree = "<group>"; };
		BA53751A1C62AEEF0058F917 /* JLToastWindow.swift */ = {isa = PBXFileReference; fileEncoding = 4; lastKnownFileType = sourcecode.swift; path = JLToastWindow.swift; sourceTree = "<group>"; };
		BA8854121C637AE10048F287 /* ReserveViewController.swift */ = {isa = PBXFileReference; fileEncoding = 4; lastKnownFileType = sourcecode.swift; path = ReserveViewController.swift; sourceTree = "<group>"; };
		BA8854141C637DE90048F287 /* ReserveTableViewCell.swift */ = {isa = PBXFileReference; fileEncoding = 4; lastKnownFileType = sourcecode.swift; path = ReserveTableViewCell.swift; sourceTree = "<group>"; };
		BA8854161C6382660048F287 /* ReserveInfo.swift */ = {isa = PBXFileReference; fileEncoding = 4; lastKnownFileType = sourcecode.swift; path = ReserveInfo.swift; sourceTree = "<group>"; };
		BA88541D1C63C93F0048F287 /* CityInfo.swift */ = {isa = PBXFileReference; fileEncoding = 4; lastKnownFileType = sourcecode.swift; path = CityInfo.swift; sourceTree = "<group>"; };
		BA88541F1C63C99F0048F287 /* BarInfo.swift */ = {isa = PBXFileReference; fileEncoding = 4; lastKnownFileType = sourcecode.swift; path = BarInfo.swift; sourceTree = "<group>"; };
		BA8854211C63F4A60048F287 /* MusicInfo.swift */ = {isa = PBXFileReference; fileEncoding = 4; lastKnownFileType = sourcecode.swift; path = MusicInfo.swift; sourceTree = "<group>"; };
		BA8854231C63F4E50048F287 /* MusicPlayInfo.swift */ = {isa = PBXFileReference; fileEncoding = 4; lastKnownFileType = sourcecode.swift; path = MusicPlayInfo.swift; sourceTree = "<group>"; };
		BA8854251C649E430048F287 /* ReserveSaveViewController.swift */ = {isa = PBXFileReference; fileEncoding = 4; lastKnownFileType = sourcecode.swift; path = ReserveSaveViewController.swift; sourceTree = "<group>"; };
		BA8D3FD61C5A42D300727AFD /* KILLFISH.app */ = {isa = PBXFileReference; explicitFileType = wrapper.application; includeInIndex = 0; path = KILLFISH.app; sourceTree = BUILT_PRODUCTS_DIR; };
		BA8D3FD91C5A42D300727AFD /* AppDelegate.swift */ = {isa = PBXFileReference; lastKnownFileType = sourcecode.swift; path = AppDelegate.swift; sourceTree = "<group>"; };
		BA8D3FDB1C5A42D300727AFD /* NewsViewController.swift */ = {isa = PBXFileReference; lastKnownFileType = sourcecode.swift; path = NewsViewController.swift; sourceTree = "<group>"; };
		BA8D3FDE1C5A42D300727AFD /* Base */ = {isa = PBXFileReference; lastKnownFileType = file.storyboard; name = Base; path = Base.lproj/Main.storyboard; sourceTree = "<group>"; };
		BA8D3FE01C5A42D300727AFD /* Assets.xcassets */ = {isa = PBXFileReference; lastKnownFileType = folder.assetcatalog; path = Assets.xcassets; sourceTree = "<group>"; };
		BA8D3FE31C5A42D300727AFD /* Base */ = {isa = PBXFileReference; lastKnownFileType = file.storyboard; name = Base; path = Base.lproj/LaunchScreen.storyboard; sourceTree = "<group>"; };
		BA8D3FE51C5A42D300727AFD /* Info.plist */ = {isa = PBXFileReference; lastKnownFileType = text.plist.xml; path = Info.plist; sourceTree = "<group>"; };
		BAB2914F1C68CD590099AD86 /* FriendsViewController.swift */ = {isa = PBXFileReference; fileEncoding = 4; lastKnownFileType = sourcecode.swift; path = FriendsViewController.swift; sourceTree = "<group>"; };
		BAB291511C68CDF20099AD86 /* FriendInfo.swift */ = {isa = PBXFileReference; fileEncoding = 4; lastKnownFileType = sourcecode.swift; path = FriendInfo.swift; sourceTree = "<group>"; };
		BAB291531C68D7760099AD86 /* FriendViewCell.swift */ = {isa = PBXFileReference; fileEncoding = 4; lastKnownFileType = sourcecode.swift; path = FriendViewCell.swift; sourceTree = "<group>"; };
		BABDB1271C5E914100588ECD /* NewsTableViewCell.swift */ = {isa = PBXFileReference; fileEncoding = 4; lastKnownFileType = sourcecode.swift; path = NewsTableViewCell.swift; sourceTree = "<group>"; };
		BABDB1291C5EB48100588ECD /* NewsItemViewController.swift */ = {isa = PBXFileReference; fileEncoding = 4; lastKnownFileType = sourcecode.swift; path = NewsItemViewController.swift; sourceTree = "<group>"; };
		BABDB12B1C5EBD0E00588ECD /* NewsInfo.swift */ = {isa = PBXFileReference; fileEncoding = 4; lastKnownFileType = sourcecode.swift; path = NewsInfo.swift; sourceTree = "<group>"; };
		BABDB12D1C5ECDDD00588ECD /* Roboto-Regular.ttf */ = {isa = PBXFileReference; lastKnownFileType = file; path = "Roboto-Regular.ttf"; sourceTree = "<group>"; };
		BAD43D2C1C62B7810047E1D5 /* StringExt.swift */ = {isa = PBXFileReference; fileEncoding = 4; lastKnownFileType = sourcecode.swift; path = StringExt.swift; sourceTree = "<group>"; };
		BAEAACC51C5B70BA004C1348 /* Roboto-Light.ttf */ = {isa = PBXFileReference; lastKnownFileType = file; path = "Roboto-Light.ttf"; sourceTree = "<group>"; };
		BAEAACC61C5CEDE0004C1348 /* UIImageExt.swift */ = {isa = PBXFileReference; fileEncoding = 4; lastKnownFileType = sourcecode.swift; path = UIImageExt.swift; sourceTree = "<group>"; };
		BAEAACC81C5CFC85004C1348 /* OldRootViewController.swift */ = {isa = PBXFileReference; fileEncoding = 4; lastKnownFileType = sourcecode.swift; path = OldRootViewController.swift; sourceTree = "<group>"; };
		BAEAACCA1C5D01E9004C1348 /* ProfileViewController.swift */ = {isa = PBXFileReference; fileEncoding = 4; lastKnownFileType = sourcecode.swift; path = ProfileViewController.swift; sourceTree = "<group>"; };
		BAEAACCC1C5D04CE004C1348 /* LeftMenuViewController.swift */ = {isa = PBXFileReference; fileEncoding = 4; lastKnownFileType = sourcecode.swift; path = LeftMenuViewController.swift; sourceTree = "<group>"; };
		BAEAACCD1C5D04CE004C1348 /* SSASideMenu.swift */ = {isa = PBXFileReference; fileEncoding = 4; lastKnownFileType = sourcecode.swift; path = SSASideMenu.swift; sourceTree = "<group>"; };
		BAEAACD01C5D269E004C1348 /* TextBoxView.swift */ = {isa = PBXFileReference; fileEncoding = 4; lastKnownFileType = sourcecode.swift; path = TextBoxView.swift; sourceTree = "<group>"; };
		BAEAACD21C5D2724004C1348 /* TextBoxView.xib */ = {isa = PBXFileReference; fileEncoding = 4; lastKnownFileType = file.xib; path = TextBoxView.xib; sourceTree = "<group>"; };
		BAEC09541C69D2AC000CA579 /* MapViewController.swift */ = {isa = PBXFileReference; fileEncoding = 4; lastKnownFileType = sourcecode.swift; path = MapViewController.swift; sourceTree = "<group>"; };
		BAEC09561C69DB22000CA579 /* BarLocationInfo.swift */ = {isa = PBXFileReference; fileEncoding = 4; lastKnownFileType = sourcecode.swift; path = BarLocationInfo.swift; sourceTree = "<group>"; };
		BAEC09581C6A052D000CA579 /* BarAnnotation.swift */ = {isa = PBXFileReference; fileEncoding = 4; lastKnownFileType = sourcecode.swift; path = BarAnnotation.swift; sourceTree = "<group>"; };
		BAEC095A1C6A83FF000CA579 /* StreamInfo.swift */ = {isa = PBXFileReference; fileEncoding = 4; lastKnownFileType = sourcecode.swift; path = StreamInfo.swift; sourceTree = "<group>"; };
		BAEC095D1C6B5AF5000CA579 /* AboutViewController.swift */ = {isa = PBXFileReference; fileEncoding = 4; lastKnownFileType = sourcecode.swift; path = AboutViewController.swift; sourceTree = "<group>"; };
		BAEC09601C6B7AFF000CA579 /* Toucan.swift */ = {isa = PBXFileReference; fileEncoding = 4; lastKnownFileType = sourcecode.swift; path = Toucan.swift; sourceTree = "<group>"; };
		BAEC09621C6B829C000CA579 /* ImageUploader.swift */ = {isa = PBXFileReference; fileEncoding = 4; lastKnownFileType = sourcecode.swift; path = ImageUploader.swift; sourceTree = "<group>"; };
		BAEC09C11C6B9A4D000CA579 /* Alamofire.xcodeproj */ = {isa = PBXFileReference; lastKnownFileType = "wrapper.pb-project"; name = Alamofire.xcodeproj; path = "Alamofire-master/Alamofire.xcodeproj"; sourceTree = "<group>"; };
		BAEC09DE1C6BBA8E000CA579 /* NewsTagFilter.swift */ = {isa = PBXFileReference; fileEncoding = 4; lastKnownFileType = sourcecode.swift; path = NewsTagFilter.swift; sourceTree = "<group>"; };
		BAEC09DF1C6BBA8E000CA579 /* SuperAlgorythm.json */ = {isa = PBXFileReference; fileEncoding = 4; lastKnownFileType = text.json; path = SuperAlgorythm.json; sourceTree = "<group>"; };
		BAEC09E31C6BE413000CA579 /* MapKit.framework */ = {isa = PBXFileReference; lastKnownFileType = wrapper.framework; name = MapKit.framework; path = System/Library/Frameworks/MapKit.framework; sourceTree = SDKROOT; };
		BAEC09E51C6E295D000CA579 /* PayViewController.swift */ = {isa = PBXFileReference; fileEncoding = 4; lastKnownFileType = sourcecode.swift; path = PayViewController.swift; sourceTree = "<group>"; };
		BAEC09E71C6E7011000CA579 /* ReserveRulesViewController.swift */ = {isa = PBXFileReference; fileEncoding = 4; lastKnownFileType = sourcecode.swift; path = ReserveRulesViewController.swift; sourceTree = "<group>"; };
/* End PBXFileReference section */

/* Begin PBXFrameworksBuildPhase section */
		BA8D3FD31C5A42D300727AFD /* Frameworks */ = {
			isa = PBXFrameworksBuildPhase;
			buildActionMask = 2147483647;
			files = (
				BAEC09E41C6BE413000CA579 /* MapKit.framework in Frameworks */,
				BAEC09D91C6B9A52000CA579 /* Alamofire.framework in Frameworks */,
			);
			runOnlyForDeploymentPostprocessing = 0;
		};
/* End PBXFrameworksBuildPhase section */

/* Begin PBXGroup section */
		BA05BEB51C5DB08B00E6AE89 /* CarbonKit */ = {
			isa = PBXGroup;
			children = (
				BA05BEB81C5DB0B400E6AE89 /* CarbonKit.h */,
				BA05BEB91C5DB0B400E6AE89 /* CarbonSwipeRefresh.h */,
				BA05BEBA1C5DB0B400E6AE89 /* CarbonTabSwipeNavigation.h */,
				BA05BEBB1C5DB0B400E6AE89 /* CarbonTabSwipeScrollView.h */,
				BA05BEBC1C5DB0B400E6AE89 /* CarbonTabSwipeSegmentedControl.h */,
				BA05BEBD1C5DB0B400E6AE89 /* CarbonSwipeRefresh.m */,
				BA05BEBE1C5DB0B400E6AE89 /* CarbonTabSwipeNavigation.m */,
				BA05BEBF1C5DB0B400E6AE89 /* CarbonTabSwipeScrollView.m */,
				BA05BEC01C5DB0B400E6AE89 /* CarbonTabSwipeSegmentedControl.m */,
				BA05BEB61C5DB0B300E6AE89 /* KILLFISH-Bridging-Header.h */,
			);
			name = CarbonKit;
			sourceTree = "<group>";
		};
		BA1F2AD61C65757A0060B321 /* Music */ = {
			isa = PBXGroup;
			children = (
				BA1F2AED1C676A9F0060B321 /* MusicViewController.swift */,
				BA1F2AEF1C676B490060B321 /* MusicViewCell.swift */,
			);
			name = Music;
			sourceTree = "<group>";
		};
		BA1F2AD71C65FA8D0060B321 /* Payments */ = {
			isa = PBXGroup;
			children = (
				BA1F2AD81C65FAC00060B321 /* PaymentsViewController.swift */,
				BA1F2ADE1C661C470060B321 /* PaymentsListViewController.swift */,
				BA1F2AE01C661CF50060B321 /* PaymentViewCell.swift */,
				BA1F2AE21C661DD30060B321 /* PaymentInfoViewController.swift */,
				BA1F2AEB1C669EFE0060B321 /* CheckViewCell.swift */,
			);
			name = Payments;
			sourceTree = "<group>";
		};
		BA35AB571C5A5DA100F6BDD1 /* SSASideMenu */ = {
			isa = PBXGroup;
			children = (
				BAEAACCC1C5D04CE004C1348 /* LeftMenuViewController.swift */,
				BAEAACCD1C5D04CE004C1348 /* SSASideMenu.swift */,
			);
			name = SSASideMenu;
			sourceTree = "<group>";
		};
		BA5374FD1C5F8D810058F917 /* Custom UI */ = {
			isa = PBXGroup;
			children = (
				BAEAACD01C5D269E004C1348 /* TextBoxView.swift */,
				BAEAACD21C5D2724004C1348 /* TextBoxView.xib */,
				BA1F2AD41C6560C60060B321 /* FlatSwitchView.swift */,
				BA1F2AD21C6560A90060B321 /* FlatSwitchView.xib */,
				BA05BE9A1C5D7A4200E6AE89 /* TestView.swift */,
				BA05BE981C5D7A0E00E6AE89 /* TestView.xib */,
				BA1F2AE71C6681A00060B321 /* LabelView.swift */,
				BA1F2AE41C6681740060B321 /* LabelView.xib */,
			);
			name = "Custom UI";
			sourceTree = "<group>";
		};
		BA5374FE1C5F8D9C0058F917 /* Extentions */ = {
			isa = PBXGroup;
			children = (
				BAEAACC61C5CEDE0004C1348 /* UIImageExt.swift */,
				BA05BEC51C5E4EF800E6AE89 /* TabNavExt.swift */,
				BA5375041C60B39C0058F917 /* UIImageViewExt.swift */,
				BAD43D2C1C62B7810047E1D5 /* StringExt.swift */,
			);
			name = Extentions;
			sourceTree = "<group>";
		};
		BA5374FF1C5F8DBF0058F917 /* Controllers */ = {
			isa = PBXGroup;
			children = (
				BAEAACC81C5CFC85004C1348 /* OldRootViewController.swift */,
				BA05BEA01C5D9CC800E6AE89 /* MasterNavViewController.swift */,
				BA05BEA21C5D9D5600E6AE89 /* NavViewController.swift */,
				BA88541A1C63C4860048F287 /* LoginAndSignup */,
				BA8854181C63C46B0048F287 /* News */,
				BA8854191C63C47A0048F287 /* Profile */,
				BA88541C1C63C4AF0048F287 /* Services */,
				BA1F2AD71C65FA8D0060B321 /* Payments */,
				BAB2914E1C68CCD10099AD86 /* Friends */,
				BAEC09531C69D24A000CA579 /* Map */,
				BAEC095C1C6B5AD7000CA579 /* About */,
			);
			name = Controllers;
			sourceTree = "<group>";
		};
		BA5375001C5F8DFE0058F917 /* Fonts */ = {
			isa = PBXGroup;
			children = (
				BAEAACC51C5B70BA004C1348 /* Roboto-Light.ttf */,
				BABDB12D1C5ECDDD00588ECD /* Roboto-Regular.ttf */,
			);
			name = Fonts;
			sourceTree = "<group>";
		};
		BA5375011C5F8E160058F917 /* App */ = {
			isa = PBXGroup;
			children = (
				BABDB12B1C5EBD0E00588ECD /* NewsInfo.swift */,
				BA5375021C5F8E860058F917 /* APICalls.swift */,
				BA5375081C60CEF90058F917 /* User.swift */,
				BA53750A1C60CFA30058F917 /* App.swift */,
				BA8854161C6382660048F287 /* ReserveInfo.swift */,
				BA88541D1C63C93F0048F287 /* CityInfo.swift */,
				BA88541F1C63C99F0048F287 /* BarInfo.swift */,
				BA8854211C63F4A60048F287 /* MusicInfo.swift */,
				BA8854231C63F4E50048F287 /* MusicPlayInfo.swift */,
				BA1F2ADA1C65FBEE0060B321 /* PaymentInfo.swift */,
				BA1F2ADC1C65FFF80060B321 /* CheckInfo.swift */,
				BAB291511C68CDF20099AD86 /* FriendInfo.swift */,
				BAEC09561C69DB22000CA579 /* BarLocationInfo.swift */,
				BAEC09581C6A052D000CA579 /* BarAnnotation.swift */,
				BAEC095A1C6A83FF000CA579 /* StreamInfo.swift */,
				BAEC09621C6B829C000CA579 /* ImageUploader.swift */,
			);
			name = App;
			sourceTree = "<group>";
		};
		BA5375141C62AEEF0058F917 /* JLToast */ = {
			isa = PBXGroup;
			children = (
				BA5375151C62AEEF0058F917 /* Info.plist */,
				BA5375161C62AEEF0058F917 /* JLToast.h */,
				BA5375171C62AEEF0058F917 /* JLToast.swift */,
				BA5375181C62AEEF0058F917 /* JLToastCenter.swift */,
				BA5375191C62AEEF0058F917 /* JLToastView.swift */,
				BA53751A1C62AEEF0058F917 /* JLToastWindow.swift */,
			);
			path = JLToast;
			sourceTree = "<group>";
		};
		BA8854181C63C46B0048F287 /* News */ = {
			isa = PBXGroup;
			children = (
				BA8D3FDB1C5A42D300727AFD /* NewsViewController.swift */,
				BABDB1271C5E914100588ECD /* NewsTableViewCell.swift */,
				BABDB1291C5EB48100588ECD /* NewsItemViewController.swift */,
			);
			name = News;
			sourceTree = "<group>";
		};
		BA8854191C63C47A0048F287 /* Profile */ = {
			isa = PBXGroup;
			children = (
				BAEAACCA1C5D01E9004C1348 /* ProfileViewController.swift */,
				BAEC09E51C6E295D000CA579 /* PayViewController.swift */,
			);
			name = Profile;
			sourceTree = "<group>";
		};
		BA88541A1C63C4860048F287 /* LoginAndSignup */ = {
			isa = PBXGroup;
			children = (
				BA05BE9C1C5D81A200E6AE89 /* LoginViewController.swift */,
				BA53750E1C6140E80058F917 /* SignupOneViewController.swift */,
				BA5375121C615F000058F917 /* SignupTwoViewController.swift */,
			);
			name = LoginAndSignup;
			sourceTree = "<group>";
		};
		BA88541B1C63C4A50048F287 /* Reserve */ = {
			isa = PBXGroup;
			children = (
				BA8854121C637AE10048F287 /* ReserveViewController.swift */,
				BA8854141C637DE90048F287 /* ReserveTableViewCell.swift */,
				BA8854251C649E430048F287 /* ReserveSaveViewController.swift */,
				BA1F2AD01C64F8580060B321 /* ReserveCancelViewController.swift */,
				BAEC09E71C6E7011000CA579 /* ReserveRulesViewController.swift */,
			);
			name = Reserve;
			sourceTree = "<group>";
		};
		BA88541C1C63C4AF0048F287 /* Services */ = {
			isa = PBXGroup;
			children = (
				BA05BEA41C5DAE6F00E6AE89 /* ServicesViewController.swift */,
				BA88541B1C63C4A50048F287 /* Reserve */,
				BA1F2AD61C65757A0060B321 /* Music */,
			);
			name = Services;
			sourceTree = "<group>";
		};
		BA8D3FCD1C5A42D300727AFD = {
			isa = PBXGroup;
			children = (
				BAEC09E31C6BE413000CA579 /* MapKit.framework */,
				BA8D3FD81C5A42D300727AFD /* KILLFISH */,
				BA8D3FD71C5A42D300727AFD /* Products */,
				BAEC09C11C6B9A4D000CA579 /* Alamofire.xcodeproj */,
			);
			sourceTree = "<group>";
		};
		BA8D3FD71C5A42D300727AFD /* Products */ = {
			isa = PBXGroup;
			children = (
				BA8D3FD61C5A42D300727AFD /* KILLFISH.app */,
			);
			name = Products;
			sourceTree = "<group>";
		};
		BA8D3FD81C5A42D300727AFD /* KILLFISH */ = {
			isa = PBXGroup;
			children = (
				BAEC09E21C6BBA98000CA579 /* TagFilter */,
				BAEC095F1C6B7AED000CA579 /* Toucan */,
				BA5375141C62AEEF0058F917 /* JLToast */,
				BA5375011C5F8E160058F917 /* App */,
				BA5375001C5F8DFE0058F917 /* Fonts */,
				BA5374FD1C5F8D810058F917 /* Custom UI */,
				BA5374FF1C5F8DBF0058F917 /* Controllers */,
				BA5374FE1C5F8D9C0058F917 /* Extentions */,
				BA05BEB51C5DB08B00E6AE89 /* CarbonKit */,
				BA35AB571C5A5DA100F6BDD1 /* SSASideMenu */,
				BA8D3FD91C5A42D300727AFD /* AppDelegate.swift */,
				BA8D3FDD1C5A42D300727AFD /* Main.storyboard */,
				BA8D3FE01C5A42D300727AFD /* Assets.xcassets */,
				BA8D3FE21C5A42D300727AFD /* LaunchScreen.storyboard */,
				BA8D3FE51C5A42D300727AFD /* Info.plist */,
			);
			path = KILLFISH;
			sourceTree = "<group>";
		};
		BAB2914E1C68CCD10099AD86 /* Friends */ = {
			isa = PBXGroup;
			children = (
				BAB2914F1C68CD590099AD86 /* FriendsViewController.swift */,
				BAB291531C68D7760099AD86 /* FriendViewCell.swift */,
			);
			name = Friends;
			sourceTree = "<group>";
		};
		BAEC09531C69D24A000CA579 /* Map */ = {
			isa = PBXGroup;
			children = (
				BAEC09541C69D2AC000CA579 /* MapViewController.swift */,
			);
			name = Map;
			sourceTree = "<group>";
		};
		BAEC095C1C6B5AD7000CA579 /* About */ = {
			isa = PBXGroup;
			children = (
				BAEC095D1C6B5AF5000CA579 /* AboutViewController.swift */,
			);
			name = About;
			sourceTree = "<group>";
		};
		BAEC095F1C6B7AED000CA579 /* Toucan */ = {
			isa = PBXGroup;
			children = (
				BAEC09601C6B7AFF000CA579 /* Toucan.swift */,
			);
			name = Toucan;
			sourceTree = "<group>";
		};
		BAEC09C21C6B9A4D000CA579 /* Products */ = {
			isa = PBXGroup;
			children = (
				BAEC09CC1C6B9A4D000CA579 /* Alamofire.framework */,
				BAEC09CE1C6B9A4D000CA579 /* Alamofire iOS Tests.xctest */,
				BAEC09D01C6B9A4D000CA579 /* Alamofire.framework */,
				BAEC09D21C6B9A4D000CA579 /* Alamofire OSX Tests.xctest */,
				BAEC09D41C6B9A4D000CA579 /* Alamofire.framework */,
				BAEC09D61C6B9A4D000CA579 /* Alamofire tvOS Tests.xctest */,
				BAEC09D81C6B9A4D000CA579 /* Alamofire.framework */,
			);
			name = Products;
			sourceTree = "<group>";
		};
		BAEC09E21C6BBA98000CA579 /* TagFilter */ = {
			isa = PBXGroup;
			children = (
				BAEC09DE1C6BBA8E000CA579 /* NewsTagFilter.swift */,
				BAEC09DF1C6BBA8E000CA579 /* SuperAlgorythm.json */,
			);
			name = TagFilter;
			sourceTree = "<group>";
		};
/* End PBXGroup section */

/* Begin PBXNativeTarget section */
		BA8D3FD51C5A42D300727AFD /* KILLFISH */ = {
			isa = PBXNativeTarget;
			buildConfigurationList = BA8D3FE81C5A42D300727AFD /* Build configuration list for PBXNativeTarget "KILLFISH" */;
			buildPhases = (
				BA8D3FD21C5A42D300727AFD /* Sources */,
				BA8D3FD31C5A42D300727AFD /* Frameworks */,
				BA8D3FD41C5A42D300727AFD /* Resources */,
				BAEC09DD1C6B9A53000CA579 /* Embed Frameworks */,
			);
			buildRules = (
			);
			dependencies = (
				BAEC09DC1C6B9A52000CA579 /* PBXTargetDependency */,
			);
			name = KILLFISH;
			productName = KILLFISH;
			productReference = BA8D3FD61C5A42D300727AFD /* KILLFISH.app */;
			productType = "com.apple.product-type.application";
		};
/* End PBXNativeTarget section */

/* Begin PBXProject section */
		BA8D3FCE1C5A42D300727AFD /* Project object */ = {
			isa = PBXProject;
			attributes = {
				LastSwiftUpdateCheck = 0720;
				LastUpgradeCheck = 0720;
				ORGANIZATIONNAME = "Матвей Кравцов";
				TargetAttributes = {
					BA8D3FD51C5A42D300727AFD = {
						CreatedOnToolsVersion = 7.2;
						DevelopmentTeam = 83W65ZB2H6;
						SystemCapabilities = {
							com.apple.Maps.iOS = {
								enabled = 1;
							};
						};
					};
				};
			};
			buildConfigurationList = BA8D3FD11C5A42D300727AFD /* Build configuration list for PBXProject "KILLFISH" */;
			compatibilityVersion = "Xcode 3.2";
			developmentRegion = English;
			hasScannedForEncodings = 0;
			knownRegions = (
				en,
				Base,
			);
			mainGroup = BA8D3FCD1C5A42D300727AFD;
			productRefGroup = BA8D3FD71C5A42D300727AFD /* Products */;
			projectDirPath = "";
			projectReferences = (
				{
					ProductGroup = BAEC09C21C6B9A4D000CA579 /* Products */;
					ProjectRef = BAEC09C11C6B9A4D000CA579 /* Alamofire.xcodeproj */;
				},
			);
			projectRoot = "";
			targets = (
				BA8D3FD51C5A42D300727AFD /* KILLFISH */,
			);
		};
/* End PBXProject section */

/* Begin PBXReferenceProxy section */
		BAEC09CC1C6B9A4D000CA579 /* Alamofire.framework */ = {
			isa = PBXReferenceProxy;
			fileType = wrapper.framework;
			path = Alamofire.framework;
			remoteRef = BAEC09CB1C6B9A4D000CA579 /* PBXContainerItemProxy */;
			sourceTree = BUILT_PRODUCTS_DIR;
		};
		BAEC09CE1C6B9A4D000CA579 /* Alamofire iOS Tests.xctest */ = {
			isa = PBXReferenceProxy;
			fileType = wrapper.cfbundle;
			path = "Alamofire iOS Tests.xctest";
			remoteRef = BAEC09CD1C6B9A4D000CA579 /* PBXContainerItemProxy */;
			sourceTree = BUILT_PRODUCTS_DIR;
		};
		BAEC09D01C6B9A4D000CA579 /* Alamofire.framework */ = {
			isa = PBXReferenceProxy;
			fileType = wrapper.framework;
			path = Alamofire.framework;
			remoteRef = BAEC09CF1C6B9A4D000CA579 /* PBXContainerItemProxy */;
			sourceTree = BUILT_PRODUCTS_DIR;
		};
		BAEC09D21C6B9A4D000CA579 /* Alamofire OSX Tests.xctest */ = {
			isa = PBXReferenceProxy;
			fileType = wrapper.cfbundle;
			path = "Alamofire OSX Tests.xctest";
			remoteRef = BAEC09D11C6B9A4D000CA579 /* PBXContainerItemProxy */;
			sourceTree = BUILT_PRODUCTS_DIR;
		};
		BAEC09D41C6B9A4D000CA579 /* Alamofire.framework */ = {
			isa = PBXReferenceProxy;
			fileType = wrapper.framework;
			path = Alamofire.framework;
			remoteRef = BAEC09D31C6B9A4D000CA579 /* PBXContainerItemProxy */;
			sourceTree = BUILT_PRODUCTS_DIR;
		};
		BAEC09D61C6B9A4D000CA579 /* Alamofire tvOS Tests.xctest */ = {
			isa = PBXReferenceProxy;
			fileType = wrapper.cfbundle;
			path = "Alamofire tvOS Tests.xctest";
			remoteRef = BAEC09D51C6B9A4D000CA579 /* PBXContainerItemProxy */;
			sourceTree = BUILT_PRODUCTS_DIR;
		};
		BAEC09D81C6B9A4D000CA579 /* Alamofire.framework */ = {
			isa = PBXReferenceProxy;
			fileType = wrapper.framework;
			path = Alamofire.framework;
			remoteRef = BAEC09D71C6B9A4D000CA579 /* PBXContainerItemProxy */;
			sourceTree = BUILT_PRODUCTS_DIR;
		};
/* End PBXReferenceProxy section */

/* Begin PBXResourcesBuildPhase section */
		BA8D3FD41C5A42D300727AFD /* Resources */ = {
			isa = PBXResourcesBuildPhase;
			buildActionMask = 2147483647;
			files = (
				BAEAACD31C5D2724004C1348 /* TextBoxView.xib in Resources */,
				BAEC09E11C6BBA8E000CA579 /* SuperAlgorythm.json in Resources */,
				BA1F2AE51C6681740060B321 /* LabelView.xib in Resources */,
				BA8D3FE41C5A42D300727AFD /* LaunchScreen.storyboard in Resources */,
				BA1F2AD31C6560A90060B321 /* FlatSwitchView.xib in Resources */,
				BA53751B1C62AEEF0058F917 /* Info.plist in Resources */,
				BA8D3FE11C5A42D300727AFD /* Assets.xcassets in Resources */,
				BA05BE991C5D7A0E00E6AE89 /* TestView.xib in Resources */,
				BA8D3FDF1C5A42D300727AFD /* Main.storyboard in Resources */,
			);
			runOnlyForDeploymentPostprocessing = 0;
		};
/* End PBXResourcesBuildPhase section */

/* Begin PBXSourcesBuildPhase section */
		BA8D3FD21C5A42D300727AFD /* Sources */ = {
			isa = PBXSourcesBuildPhase;
			buildActionMask = 2147483647;
			files = (
				BA05BEA11C5D9CC800E6AE89 /* MasterNavViewController.swift in Sources */,
				BA8D3FDC1C5A42D300727AFD /* NewsViewController.swift in Sources */,
				BAEC095B1C6A83FF000CA579 /* StreamInfo.swift in Sources */,
				BAB291541C68D7760099AD86 /* FriendViewCell.swift in Sources */,
				BAB291501C68CD590099AD86 /* FriendsViewController.swift in Sources */,
				BABDB1281C5E914100588ECD /* NewsTableViewCell.swift in Sources */,
				BA1F2AEC1C669EFE0060B321 /* CheckViewCell.swift in Sources */,
				BAEC09611C6B7AFF000CA579 /* Toucan.swift in Sources */,
				BAEC09E81C6E7011000CA579 /* ReserveRulesViewController.swift in Sources */,
				BAEAACCB1C5D01E9004C1348 /* ProfileViewController.swift in Sources */,
				BA53751E1C62AEEF0058F917 /* JLToastView.swift in Sources */,
				BABDB12C1C5EBD0E00588ECD /* NewsInfo.swift in Sources */,
				BAEAACCE1C5D04CE004C1348 /* LeftMenuViewController.swift in Sources */,
				BAEAACCF1C5D04CE004C1348 /* SSASideMenu.swift in Sources */,
				BA53750F1C6140E80058F917 /* SignupOneViewController.swift in Sources */,
				BA1F2AD51C6560C60060B321 /* FlatSwitchView.swift in Sources */,
				BA8854171C6382660048F287 /* ReserveInfo.swift in Sources */,
				BA53751F1C62AEEF0058F917 /* JLToastWindow.swift in Sources */,
				BA8854221C63F4A60048F287 /* MusicInfo.swift in Sources */,
				BABDB12A1C5EB48100588ECD /* NewsItemViewController.swift in Sources */,
				BAEC095E1C6B5AF5000CA579 /* AboutViewController.swift in Sources */,
				BA1F2AD11C64F8580060B321 /* ReserveCancelViewController.swift in Sources */,
				BAB291521C68CDF20099AD86 /* FriendInfo.swift in Sources */,
				BA53750B1C60CFA30058F917 /* App.swift in Sources */,
				BA1F2AD91C65FAC00060B321 /* PaymentsViewController.swift in Sources */,
				BA05BEC61C5E4EF800E6AE89 /* TabNavExt.swift in Sources */,
				BAEC09591C6A052D000CA579 /* BarAnnotation.swift in Sources */,
				BAEAACC91C5CFC85004C1348 /* OldRootViewController.swift in Sources */,
				BAEC09E61C6E295D000CA579 /* PayViewController.swift in Sources */,
				BA5375031C5F8E860058F917 /* APICalls.swift in Sources */,
				BA1F2ADD1C65FFF80060B321 /* CheckInfo.swift in Sources */,
				BA05BEC31C5DB0B400E6AE89 /* CarbonTabSwipeScrollView.m in Sources */,
				BAEC09571C69DB22000CA579 /* BarLocationInfo.swift in Sources */,
				BA05BEA31C5D9D5600E6AE89 /* NavViewController.swift in Sources */,
				BA8854241C63F4E50048F287 /* MusicPlayInfo.swift in Sources */,
				BA53751D1C62AEEF0058F917 /* JLToastCenter.swift in Sources */,
				BAD43D2D1C62B7810047E1D5 /* StringExt.swift in Sources */,
				BA05BEA51C5DAE6F00E6AE89 /* ServicesViewController.swift in Sources */,
				BA1F2AE11C661CF50060B321 /* PaymentViewCell.swift in Sources */,
				BAEC09631C6B829C000CA579 /* ImageUploader.swift in Sources */,
				BA1F2ADB1C65FBEE0060B321 /* PaymentInfo.swift in Sources */,
				BA05BEC21C5DB0B400E6AE89 /* CarbonTabSwipeNavigation.m in Sources */,
				BAEAACD11C5D269E004C1348 /* TextBoxView.swift in Sources */,
				BA05BE9B1C5D7A4200E6AE89 /* TestView.swift in Sources */,
				BA8854131C637AE10048F287 /* ReserveViewController.swift in Sources */,
				BAEAACC71C5CEDE0004C1348 /* UIImageExt.swift in Sources */,
				BA8854261C649E430048F287 /* ReserveSaveViewController.swift in Sources */,
				BA1F2AE31C661DD30060B321 /* PaymentInfoViewController.swift in Sources */,
				BA8854201C63C99F0048F287 /* BarInfo.swift in Sources */,
				BA5375131C615F000058F917 /* SignupTwoViewController.swift in Sources */,
				BA05BEC41C5DB0B400E6AE89 /* CarbonTabSwipeSegmentedControl.m in Sources */,
				BA5375051C60B39C0058F917 /* UIImageViewExt.swift in Sources */,
				BA1F2ADF1C661C470060B321 /* PaymentsListViewController.swift in Sources */,
				BA1F2AF01C676B490060B321 /* MusicViewCell.swift in Sources */,
				BA8854151C637DE90048F287 /* ReserveTableViewCell.swift in Sources */,
				BA5375091C60CEF90058F917 /* User.swift in Sources */,
				BA05BE9D1C5D81A200E6AE89 /* LoginViewController.swift in Sources */,
				BAEC09E01C6BBA8E000CA579 /* NewsTagFilter.swift in Sources */,
				BA1F2AEE1C676A9F0060B321 /* MusicViewController.swift in Sources */,
				BA1F2AE81C6681A00060B321 /* LabelView.swift in Sources */,
				BA53751C1C62AEEF0058F917 /* JLToast.swift in Sources */,
				BA05BEC11C5DB0B400E6AE89 /* CarbonSwipeRefresh.m in Sources */,
				BA88541E1C63C93F0048F287 /* CityInfo.swift in Sources */,
				BA8D3FDA1C5A42D300727AFD /* AppDelegate.swift in Sources */,
				BAEC09551C69D2AC000CA579 /* MapViewController.swift in Sources */,
			);
			runOnlyForDeploymentPostprocessing = 0;
		};
/* End PBXSourcesBuildPhase section */

/* Begin PBXTargetDependency section */
		BAEC09DC1C6B9A52000CA579 /* PBXTargetDependency */ = {
			isa = PBXTargetDependency;
			name = "Alamofire iOS";
			targetProxy = BAEC09DB1C6B9A52000CA579 /* PBXContainerItemProxy */;
		};
/* End PBXTargetDependency section */

/* Begin PBXVariantGroup section */
		BA8D3FDD1C5A42D300727AFD /* Main.storyboard */ = {
			isa = PBXVariantGroup;
			children = (
				BA8D3FDE1C5A42D300727AFD /* Base */,
			);
			name = Main.storyboard;
			sourceTree = "<group>";
		};
		BA8D3FE21C5A42D300727AFD /* LaunchScreen.storyboard */ = {
			isa = PBXVariantGroup;
			children = (
				BA8D3FE31C5A42D300727AFD /* Base */,
			);
			name = LaunchScreen.storyboard;
			sourceTree = "<group>";
		};
/* End PBXVariantGroup section */

/* Begin XCBuildConfiguration section */
		BA8D3FE61C5A42D300727AFD /* Debug */ = {
			isa = XCBuildConfiguration;
			buildSettings = {
				ALWAYS_SEARCH_USER_PATHS = NO;
				CLANG_CXX_LANGUAGE_STANDARD = "gnu++0x";
				CLANG_CXX_LIBRARY = "libc++";
				CLANG_ENABLE_MODULES = YES;
				CLANG_ENABLE_OBJC_ARC = YES;
				CLANG_WARN_BOOL_CONVERSION = YES;
				CLANG_WARN_CONSTANT_CONVERSION = YES;
				CLANG_WARN_DIRECT_OBJC_ISA_USAGE = YES_ERROR;
				CLANG_WARN_EMPTY_BODY = YES;
				CLANG_WARN_ENUM_CONVERSION = YES;
				CLANG_WARN_INT_CONVERSION = YES;
				CLANG_WARN_OBJC_ROOT_CLASS = YES_ERROR;
				CLANG_WARN_UNREACHABLE_CODE = YES;
				CLANG_WARN__DUPLICATE_METHOD_MATCH = YES;
				"CODE_SIGN_IDENTITY[sdk=iphoneos*]" = "iPhone Developer";
				COPY_PHASE_STRIP = NO;
				DEBUG_INFORMATION_FORMAT = dwarf;
				ENABLE_STRICT_OBJC_MSGSEND = YES;
				ENABLE_TESTABILITY = YES;
				GCC_C_LANGUAGE_STANDARD = gnu99;
				GCC_DYNAMIC_NO_PIC = NO;
				GCC_NO_COMMON_BLOCKS = YES;
				GCC_OPTIMIZATION_LEVEL = 0;
				GCC_PREPROCESSOR_DEFINITIONS = (
					"DEBUG=1",
					"$(inherited)",
				);
				GCC_WARN_64_TO_32_BIT_CONVERSION = YES;
				GCC_WARN_ABOUT_RETURN_TYPE = YES_ERROR;
				GCC_WARN_UNDECLARED_SELECTOR = YES;
				GCC_WARN_UNINITIALIZED_AUTOS = YES_AGGRESSIVE;
				GCC_WARN_UNUSED_FUNCTION = YES;
				GCC_WARN_UNUSED_VARIABLE = YES;
				IPHONEOS_DEPLOYMENT_TARGET = 9.2;
				MTL_ENABLE_DEBUG_INFO = YES;
				ONLY_ACTIVE_ARCH = YES;
				SDKROOT = iphoneos;
				SWIFT_OPTIMIZATION_LEVEL = "-Onone";
				TARGETED_DEVICE_FAMILY = "1,2";
			};
			name = Debug;
		};
		BA8D3FE71C5A42D300727AFD /* Release */ = {
			isa = XCBuildConfiguration;
			buildSettings = {
				ALWAYS_SEARCH_USER_PATHS = NO;
				CLANG_CXX_LANGUAGE_STANDARD = "gnu++0x";
				CLANG_CXX_LIBRARY = "libc++";
				CLANG_ENABLE_MODULES = YES;
				CLANG_ENABLE_OBJC_ARC = YES;
				CLANG_WARN_BOOL_CONVERSION = YES;
				CLANG_WARN_CONSTANT_CONVERSION = YES;
				CLANG_WARN_DIRECT_OBJC_ISA_USAGE = YES_ERROR;
				CLANG_WARN_EMPTY_BODY = YES;
				CLANG_WARN_ENUM_CONVERSION = YES;
				CLANG_WARN_INT_CONVERSION = YES;
				CLANG_WARN_OBJC_ROOT_CLASS = YES_ERROR;
				CLANG_WARN_UNREACHABLE_CODE = YES;
				CLANG_WARN__DUPLICATE_METHOD_MATCH = YES;
				"CODE_SIGN_IDENTITY[sdk=iphoneos*]" = "iPhone Developer";
				COPY_PHASE_STRIP = NO;
				DEBUG_INFORMATION_FORMAT = "dwarf-with-dsym";
				ENABLE_NS_ASSERTIONS = NO;
				ENABLE_STRICT_OBJC_MSGSEND = YES;
				GCC_C_LANGUAGE_STANDARD = gnu99;
				GCC_NO_COMMON_BLOCKS = YES;
				GCC_WARN_64_TO_32_BIT_CONVERSION = YES;
				GCC_WARN_ABOUT_RETURN_TYPE = YES_ERROR;
				GCC_WARN_UNDECLARED_SELECTOR = YES;
				GCC_WARN_UNINITIALIZED_AUTOS = YES_AGGRESSIVE;
				GCC_WARN_UNUSED_FUNCTION = YES;
				GCC_WARN_UNUSED_VARIABLE = YES;
				IPHONEOS_DEPLOYMENT_TARGET = 9.2;
				MTL_ENABLE_DEBUG_INFO = NO;
				SDKROOT = iphoneos;
				TARGETED_DEVICE_FAMILY = "1,2";
				VALIDATE_PRODUCT = YES;
			};
			name = Release;
		};
		BA8D3FE91C5A42D300727AFD /* Debug */ = {
			isa = XCBuildConfiguration;
			buildSettings = {
				ASSETCATALOG_COMPILER_APPICON_NAME = AppIcon;
				CLANG_ENABLE_MODULES = YES;
				CODE_SIGN_IDENTITY = "iPhone Developer";
				"CODE_SIGN_IDENTITY[sdk=iphoneos*]" = "iPhone Developer";
				EMBEDDED_CONTENT_CONTAINS_SWIFT = YES;
				INFOPLIST_FILE = KILLFISH/Info.plist;
				IPHONEOS_DEPLOYMENT_TARGET = 8.0;
				LD_RUNPATH_SEARCH_PATHS = "$(inherited) @executable_path/Frameworks $(CONFIGURATION_BUILD_DIR)";
				PRODUCT_BUNDLE_IDENTIFIER = BT.KILLFISH;
				PRODUCT_NAME = "$(TARGET_NAME)";
				PROVISIONING_PROFILE = "";
				SWIFT_OBJC_BRIDGING_HEADER = "KILLFISH/KILLFISH-Bridging-Header.h";
				SWIFT_OPTIMIZATION_LEVEL = "-Onone";
				TARGETED_DEVICE_FAMILY = 1;
			};
			name = Debug;
		};
		BA8D3FEA1C5A42D300727AFD /* Release */ = {
			isa = XCBuildConfiguration;
			buildSettings = {
				ASSETCATALOG_COMPILER_APPICON_NAME = AppIcon;
				CLANG_ENABLE_MODULES = YES;
				CODE_SIGN_IDENTITY = "iPhone Developer";
				"CODE_SIGN_IDENTITY[sdk=iphoneos*]" = "iPhone Developer";
				EMBEDDED_CONTENT_CONTAINS_SWIFT = YES;
				INFOPLIST_FILE = KILLFISH/Info.plist;
				IPHONEOS_DEPLOYMENT_TARGET = 8.0;
				LD_RUNPATH_SEARCH_PATHS = "$(inherited) @executable_path/Frameworks $(CONFIGURATION_BUILD_DIR)";
				PRODUCT_BUNDLE_IDENTIFIER = BT.KILLFISH;
				PRODUCT_NAME = "$(TARGET_NAME)";
				PROVISIONING_PROFILE = "";
				SWIFT_OBJC_BRIDGING_HEADER = "KILLFISH/KILLFISH-Bridging-Header.h";
				TARGETED_DEVICE_FAMILY = 1;
			};
			name = Release;
		};
/* End XCBuildConfiguration section */

/* Begin XCConfigurationList section */
		BA8D3FD11C5A42D300727AFD /* Build configuration list for PBXProject "KILLFISH" */ = {
			isa = XCConfigurationList;
			buildConfigurations = (
				BA8D3FE61C5A42D300727AFD /* Debug */,
				BA8D3FE71C5A42D300727AFD /* Release */,
			);
			defaultConfigurationIsVisible = 0;
			defaultConfigurationName = Release;
		};
		BA8D3FE81C5A42D300727AFD /* Build configuration list for PBXNativeTarget "KILLFISH" */ = {
			isa = XCConfigurationList;
			buildConfigurations = (
				BA8D3FE91C5A42D300727AFD /* Debug */,
				BA8D3FEA1C5A42D300727AFD /* Release */,
			);
			defaultConfigurationIsVisible = 0;
			defaultConfigurationName = Release;
		};
/* End XCConfigurationList section */
	};
	rootObject = BA8D3FCE1C5A42D300727AFD /* Project object */;
}
